
Microsoft Visual Studio Solution File, Format Version 12.00
# Visual Studio Version 17
VisualStudioVersion = 17.9.34607.119
MinimumVisualStudioVersion = 10.0.40219.1
Project("{8BC9CEB8-8B4A-11D0-8D11-00A0C91BC942}") = "PvZTrainer", "PvZTrainer\PvZTrainer.vcxproj", "{D6E2B176-6255-4F16-8BB5-790E9B3004F5}"
EndProject
Project("{8BC9CEB8-8B4A-11D0-8D11-00A0C91BC942}") = "PvZHook", "Hook\Hook.vcxproj", "{7ECEEBCC-1D01-49B4-850E-0B0051B04E88}"
EndProject
Project("{8BC9CEB8-8B4A-11D0-8D11-00A0C91BC942}") = "PvZInjector", "PvZInjector\PvZInjector.vcxproj", "{4317F46F-8901-4073-99CF-CCE0C762B23F}"
	ProjectSection(ProjectDependencies) = postProject
		{7ECEEBCC-1D01-49B4-850E-0B0051B04E88} = {7ECEEBCC-1D01-49B4-850E-0B0051B04E88}
	EndProjectSection
EndProject
Global
	GlobalSection(SolutionConfigurationPlatforms) = preSolution
		Debug|x86 = Debug|x86
		Release|x86 = Release|x86
	EndGlobalSection
	GlobalSection(ProjectConfigurationPlatforms) = postSolution
		{D6E2B176-6255-4F16-8BB5-790E9B3004F5}.Debug|x86.ActiveCfg = Debug|Win32
		{D6E2B176-6255-4F16-8BB5-790E9B3004F5}.Debug|x86.Build.0 = Debug|Win32
		{D6E2B176-6255-4F16-8BB5-790E9B3004F5}.Release|x86.ActiveCfg = Release|Win32
		{D6E2B176-6255-4F16-8BB5-790E9B3004F5}.Release|x86.Build.0 = Release|Win32
		{7ECEEBCC-1D01-49B4-850E-0B0051B04E88}.Debug|x86.ActiveCfg = Debug|Win32
		{7ECEEBCC-1D01-49B4-850E-0B0051B04E88}.Debug|x86.Build.0 = Debug|Win32
		{7ECEEBCC-1D01-49B4-850E-0B0051B04E88}.Release|x86.ActiveCfg = Release|Win32
		{7ECEEBCC-1D01-49B4-850E-0B0051B04E88}.Release|x86.Build.0 = Release|Win32
		{4317F46F-8901-4073-99CF-CCE0C762B23F}.Debug|x86.ActiveCfg = Debug|Win32
		{4317F46F-8901-4073-99CF-CCE0C762B23F}.Debug|x86.Build.0 = Debug|Win32
		{4317F46F-8901-4073-99CF-CCE0C762B23F}.Release|x86.ActiveCfg = Release|Win32
		{4317F46F-8901-4073-99CF-CCE0C762B23F}.Release|x86.Build.0 = Release|Win32
	EndGlobalSection
	GlobalSection(SolutionProperties) = preSolution
		HideSolutionNode = FALSE
	EndGlobalSection
	GlobalSection(ExtensibilityGlobals) = postSolution
		SolutionGuid = {5A6F3C1C-01AA-44B8-8361-62FDB0A138B6}
	EndGlobalSection
EndGlobal
